// !$*UTF8*$!
{
	archiveVersion = 1;
	classes = {
	};
	objectVersion = 46;
	objects = {

/* Begin PBXBuildFile section */
		A92654FA1D639CE9000F6600 /* Localizable.strings in Resources */ = {isa = PBXBuildFile; fileRef = A92654FC1D639CE9000F6600 /* Localizable.strings */; };
		A94721F41CBA5C2E00B73CF0 /* HistoryEntity.swift in Sources */ = {isa = PBXBuildFile; fileRef = A94721F21CBA5C2E00B73CF0 /* HistoryEntity.swift */; };
		A9B196D31CB636D40085CFB9 /* AppDelegate.swift in Sources */ = {isa = PBXBuildFile; fileRef = A9B196D21CB636D40085CFB9 /* AppDelegate.swift */; };
		A9B196D51CB636D40085CFB9 /* ViewController.swift in Sources */ = {isa = PBXBuildFile; fileRef = A9B196D41CB636D40085CFB9 /* ViewController.swift */; };
		A9B196D81CB636D50085CFB9 /* HeartExtractor.xcdatamodeld in Sources */ = {isa = PBXBuildFile; fileRef = A9B196D61CB636D40085CFB9 /* HeartExtractor.xcdatamodeld */; };
		A9B196DA1CB636D50085CFB9 /* Assets.xcassets in Resources */ = {isa = PBXBuildFile; fileRef = A9B196D91CB636D50085CFB9 /* Assets.xcassets */; };
		A9B196DD1CB636D50085CFB9 /* Main.storyboard in Resources */ = {isa = PBXBuildFile; fileRef = A9B196DB1CB636D50085CFB9 /* Main.storyboard */; };
		A9B196E81CB636D50085CFB9 /* HeartExtractorTests.swift in Sources */ = {isa = PBXBuildFile; fileRef = A9B196E71CB636D50085CFB9 /* HeartExtractorTests.swift */; };
		A9C8958B1D65E20800080E26 /* HEXClient.swift in Sources */ = {isa = PBXBuildFile; fileRef = A9C8958A1D65E20800080E26 /* HEXClient.swift */; };
		A9C8958D1D65E3E000080E26 /* HEXClient.Auth.swift in Sources */ = {isa = PBXBuildFile; fileRef = A9C8958C1D65E3E000080E26 /* HEXClient.Auth.swift */; };
		A9C8958F1D65E89700080E26 /* HEXClient.Encryption.swift in Sources */ = {isa = PBXBuildFile; fileRef = A9C8958E1D65E89700080E26 /* HEXClient.Encryption.swift */; };
		A9C895911D66249E00080E26 /* HEXClient.History.swift in Sources */ = {isa = PBXBuildFile; fileRef = A9C895901D66249E00080E26 /* HEXClient.History.swift */; };
		A9F418C21D894CC2005E87CB /* CryptoSwift.framework in Frameworks */ = {isa = PBXBuildFile; fileRef = A9C895801D65C08300080E26 /* CryptoSwift.framework */; };
		A9F418C31D894CC2005E87CB /* PromiseKit.framework in Frameworks */ = {isa = PBXBuildFile; fileRef = A9C895811D65C08300080E26 /* PromiseKit.framework */; };
		A9F418C41D894CC2005E87CB /* SwifterMac.framework in Frameworks */ = {isa = PBXBuildFile; fileRef = A9C895821D65C08300080E26 /* SwifterMac.framework */; };
		A9FFA21C1D68A05B00BB8DC8 /* HEXClient.Fetch.swift in Sources */ = {isa = PBXBuildFile; fileRef = A9FFA21B1D68A05B00BB8DC8 /* HEXClient.Fetch.swift */; };
		A9FFA21E1D68AD2A00BB8DC8 /* HEXClient.Download.swift in Sources */ = {isa = PBXBuildFile; fileRef = A9FFA21D1D68AD2A00BB8DC8 /* HEXClient.Download.swift */; };
/* End PBXBuildFile section */

/* Begin PBXContainerItemProxy section */
		A9B196E41CB636D50085CFB9 /* PBXContainerItemProxy */ = {
			isa = PBXContainerItemProxy;
			containerPortal = A9B196C71CB636D40085CFB9 /* Project object */;
			proxyType = 1;
			remoteGlobalIDString = A9B196CE1CB636D40085CFB9;
			remoteInfo = HeartExtractor;
		};
/* End PBXContainerItemProxy section */

/* Begin PBXCopyFilesBuildPhase section */
		A96D5FA31CB6AE8D00AA8AD5 /* Embed Frameworks */ = {
			isa = PBXCopyFilesBuildPhase;
			buildActionMask = 2147483647;
			dstPath = "";
			dstSubfolderSpec = 10;
			files = (
			);
			name = "Embed Frameworks";
			runOnlyForDeploymentPostprocessing = 0;
		};
/* End PBXCopyFilesBuildPhase section */

/* Begin PBXFileReference section */
		A92654FB1D639CE9000F6600 /* Base */ = {isa = PBXFileReference; lastKnownFileType = text.plist.strings; name = Base; path = Base.lproj/Localizable.strings; sourceTree = "<group>"; };
		A92654FD1D639CEC000F6600 /* ko */ = {isa = PBXFileReference; lastKnownFileType = text.plist.strings; name = ko; path = ko.lproj/Localizable.strings; sourceTree = "<group>"; };
		A94721F21CBA5C2E00B73CF0 /* HistoryEntity.swift */ = {isa = PBXFileReference; fileEncoding = 4; lastKnownFileType = sourcecode.swift; path = HistoryEntity.swift; sourceTree = "<group>"; };
		A9B196CF1CB636D40085CFB9 /* HeartExtractor.app */ = {isa = PBXFileReference; explicitFileType = wrapper.application; includeInIndex = 0; path = HeartExtractor.app; sourceTree = BUILT_PRODUCTS_DIR; };
		A9B196D21CB636D40085CFB9 /* AppDelegate.swift */ = {isa = PBXFileReference; lastKnownFileType = sourcecode.swift; path = AppDelegate.swift; sourceTree = "<group>"; };
		A9B196D41CB636D40085CFB9 /* ViewController.swift */ = {isa = PBXFileReference; lastKnownFileType = sourcecode.swift; path = ViewController.swift; sourceTree = "<group>"; };
		A9B196D71CB636D40085CFB9 /* HeartExtractor.xcdatamodel */ = {isa = PBXFileReference; lastKnownFileType = wrapper.xcdatamodel; path = HeartExtractor.xcdatamodel; sourceTree = "<group>"; };
		A9B196D91CB636D50085CFB9 /* Assets.xcassets */ = {isa = PBXFileReference; lastKnownFileType = folder.assetcatalog; path = Assets.xcassets; sourceTree = "<group>"; };
		A9B196DC1CB636D50085CFB9 /* Base */ = {isa = PBXFileReference; lastKnownFileType = file.storyboard; name = Base; path = Base.lproj/Main.storyboard; sourceTree = "<group>"; };
		A9B196DE1CB636D50085CFB9 /* Info.plist */ = {isa = PBXFileReference; lastKnownFileType = text.plist.xml; path = Info.plist; sourceTree = "<group>"; };
		A9B196E31CB636D50085CFB9 /* HeartExtractorTests.xctest */ = {isa = PBXFileReference; explicitFileType = wrapper.cfbundle; includeInIndex = 0; path = HeartExtractorTests.xctest; sourceTree = BUILT_PRODUCTS_DIR; };
		A9B196E71CB636D50085CFB9 /* HeartExtractorTests.swift */ = {isa = PBXFileReference; lastKnownFileType = sourcecode.swift; path = HeartExtractorTests.swift; sourceTree = "<group>"; };
		A9B196E91CB636D50085CFB9 /* Info.plist */ = {isa = PBXFileReference; lastKnownFileType = text.plist.xml; path = Info.plist; sourceTree = "<group>"; };
		A9C895801D65C08300080E26 /* CryptoSwift.framework */ = {isa = PBXFileReference; lastKnownFileType = wrapper.framework; name = CryptoSwift.framework; path = Carthage/Build/Mac/CryptoSwift.framework; sourceTree = "<group>"; };
		A9C895811D65C08300080E26 /* PromiseKit.framework */ = {isa = PBXFileReference; lastKnownFileType = wrapper.framework; name = PromiseKit.framework; path = Carthage/Build/Mac/PromiseKit.framework; sourceTree = "<group>"; };
		A9C895821D65C08300080E26 /* SwifterMac.framework */ = {isa = PBXFileReference; lastKnownFileType = wrapper.framework; name = SwifterMac.framework; path = Carthage/Build/Mac/SwifterMac.framework; sourceTree = "<group>"; };
		A9C8958A1D65E20800080E26 /* HEXClient.swift */ = {isa = PBXFileReference; fileEncoding = 4; lastKnownFileType = sourcecode.swift; path = HEXClient.swift; sourceTree = "<group>"; };
		A9C8958C1D65E3E000080E26 /* HEXClient.Auth.swift */ = {isa = PBXFileReference; fileEncoding = 4; lastKnownFileType = sourcecode.swift; path = HEXClient.Auth.swift; sourceTree = "<group>"; };
		A9C8958E1D65E89700080E26 /* HEXClient.Encryption.swift */ = {isa = PBXFileReference; fileEncoding = 4; lastKnownFileType = sourcecode.swift; path = HEXClient.Encryption.swift; sourceTree = "<group>"; };
		A9C895901D66249E00080E26 /* HEXClient.History.swift */ = {isa = PBXFileReference; fileEncoding = 4; lastKnownFileType = sourcecode.swift; path = HEXClient.History.swift; sourceTree = "<group>"; };
		A9CAB65E1CBA84DC0091CDE5 /* ko */ = {isa = PBXFileReference; lastKnownFileType = text.plist.strings; name = ko; path = ko.lproj/Main.strings; sourceTree = "<group>"; };
		A9F807F21D640A790014C72E /* HeartExtractor.entitlements */ = {isa = PBXFileReference; lastKnownFileType = text.xml; path = HeartExtractor.entitlements; sourceTree = "<group>"; };
		A9FFA21B1D68A05B00BB8DC8 /* HEXClient.Fetch.swift */ = {isa = PBXFileReference; fileEncoding = 4; lastKnownFileType = sourcecode.swift; path = HEXClient.Fetch.swift; sourceTree = "<group>"; };
		A9FFA21D1D68AD2A00BB8DC8 /* HEXClient.Download.swift */ = {isa = PBXFileReference; fileEncoding = 4; lastKnownFileType = sourcecode.swift; path = HEXClient.Download.swift; sourceTree = "<group>"; };
/* End PBXFileReference section */

/* Begin PBXFrameworksBuildPhase section */
		A9B196CC1CB636D40085CFB9 /* Frameworks */ = {
			isa = PBXFrameworksBuildPhase;
			buildActionMask = 2147483647;
			files = (
				A9F418C21D894CC2005E87CB /* CryptoSwift.framework in Frameworks */,
				A9F418C31D894CC2005E87CB /* PromiseKit.framework in Frameworks */,
				A9F418C41D894CC2005E87CB /* SwifterMac.framework in Frameworks */,
			);
			runOnlyForDeploymentPostprocessing = 0;
		};
		A9B196E01CB636D50085CFB9 /* Frameworks */ = {
			isa = PBXFrameworksBuildPhase;
			buildActionMask = 2147483647;
			files = (
			);
			runOnlyForDeploymentPostprocessing = 0;
		};
/* End PBXFrameworksBuildPhase section */

/* Begin PBXGroup section */
		A9200C981CBA3EA700CBF725 /* DataEntity */ = {
			isa = PBXGroup;
			children = (
				A94721F21CBA5C2E00B73CF0 /* HistoryEntity.swift */,
			);
			name = DataEntity;
			sourceTree = "<group>";
		};
		A9B196C61CB636D40085CFB9 = {
			isa = PBXGroup;
			children = (
				A9B196D11CB636D40085CFB9 /* HeartExtractor */,
				A9B196E61CB636D50085CFB9 /* HeartExtractorTests */,
				A9C895881D65C26F00080E26 /* Frameworks */,
				A9B196D01CB636D40085CFB9 /* Products */,
			);
			sourceTree = "<group>";
		};
		A9B196D01CB636D40085CFB9 /* Products */ = {
			isa = PBXGroup;
			children = (
				A9B196CF1CB636D40085CFB9 /* HeartExtractor.app */,
				A9B196E31CB636D50085CFB9 /* HeartExtractorTests.xctest */,
			);
			name = Products;
			sourceTree = "<group>";
		};
		A9B196D11CB636D40085CFB9 /* HeartExtractor */ = {
			isa = PBXGroup;
			children = (
				A9F807F21D640A790014C72E /* HeartExtractor.entitlements */,
				A9B196D21CB636D40085CFB9 /* AppDelegate.swift */,
				A9B196D41CB636D40085CFB9 /* ViewController.swift */,
				A9C895891D65E1D200080E26 /* HEXClient */,
				A9200C981CBA3EA700CBF725 /* DataEntity */,
				A9B196D91CB636D50085CFB9 /* Assets.xcassets */,
				A9B196DB1CB636D50085CFB9 /* Main.storyboard */,
				A9B196DE1CB636D50085CFB9 /* Info.plist */,
				A9B196D61CB636D40085CFB9 /* HeartExtractor.xcdatamodeld */,
				A92654FC1D639CE9000F6600 /* Localizable.strings */,
			);
			path = HeartExtractor;
			sourceTree = "<group>";
		};
		A9B196E61CB636D50085CFB9 /* HeartExtractorTests */ = {
			isa = PBXGroup;
			children = (
				A9B196E71CB636D50085CFB9 /* HeartExtractorTests.swift */,
				A9B196E91CB636D50085CFB9 /* Info.plist */,
			);
			path = HeartExtractorTests;
			sourceTree = "<group>";
		};
		A9C895881D65C26F00080E26 /* Frameworks */ = {
			isa = PBXGroup;
			children = (
				A9C895801D65C08300080E26 /* CryptoSwift.framework */,
				A9C895811D65C08300080E26 /* PromiseKit.framework */,
				A9C895821D65C08300080E26 /* SwifterMac.framework */,
			);
			name = Frameworks;
			sourceTree = "<group>";
		};
		A9C895891D65E1D200080E26 /* HEXClient */ = {
			isa = PBXGroup;
			children = (
				A9C8958A1D65E20800080E26 /* HEXClient.swift */,
				A9C8958C1D65E3E000080E26 /* HEXClient.Auth.swift */,
				A9FFA21D1D68AD2A00BB8DC8 /* HEXClient.Download.swift */,
				A9C8958E1D65E89700080E26 /* HEXClient.Encryption.swift */,
				A9FFA21B1D68A05B00BB8DC8 /* HEXClient.Fetch.swift */,
				A9C895901D66249E00080E26 /* HEXClient.History.swift */,
			);
			name = HEXClient;
			sourceTree = "<group>";
		};
/* End PBXGroup section */

/* Begin PBXNativeTarget section */
		A9B196CE1CB636D40085CFB9 /* HeartExtractor */ = {
			isa = PBXNativeTarget;
			buildConfigurationList = A9B196F71CB636D50085CFB9 /* Build configuration list for PBXNativeTarget "HeartExtractor" */;
			buildPhases = (
				A9CAB65F1CBA87EB0091CDE5 /* ShellScript */,
				A9B196CB1CB636D40085CFB9 /* Sources */,
				A9B196CC1CB636D40085CFB9 /* Frameworks */,
				A9B196CD1CB636D40085CFB9 /* Resources */,
				A96D5FA31CB6AE8D00AA8AD5 /* Embed Frameworks */,
				A9C895871D65C13600080E26 /* ShellScript */,
			);
			buildRules = (
			);
			dependencies = (
			);
			name = HeartExtractor;
			productName = HeartExtractor;
			productReference = A9B196CF1CB636D40085CFB9 /* HeartExtractor.app */;
			productType = "com.apple.product-type.application";
		};
		A9B196E21CB636D50085CFB9 /* HeartExtractorTests */ = {
			isa = PBXNativeTarget;
			buildConfigurationList = A9B196FA1CB636D50085CFB9 /* Build configuration list for PBXNativeTarget "HeartExtractorTests" */;
			buildPhases = (
				A9B196DF1CB636D50085CFB9 /* Sources */,
				A9B196E01CB636D50085CFB9 /* Frameworks */,
				A9B196E11CB636D50085CFB9 /* Resources */,
			);
			buildRules = (
			);
			dependencies = (
				A9B196E51CB636D50085CFB9 /* PBXTargetDependency */,
			);
			name = HeartExtractorTests;
			productName = HeartExtractorTests;
			productReference = A9B196E31CB636D50085CFB9 /* HeartExtractorTests.xctest */;
			productType = "com.apple.product-type.bundle.unit-test";
		};
/* End PBXNativeTarget section */

/* Begin PBXProject section */
		A9B196C71CB636D40085CFB9 /* Project object */ = {
			isa = PBXProject;
			attributes = {
				LastSwiftUpdateCheck = 0730;
				LastUpgradeCheck = 0800;
				ORGANIZATIONNAME = "Seungho Kim";
				TargetAttributes = {
					A9B196CE1CB636D40085CFB9 = {
						CreatedOnToolsVersion = 7.3;
						DevelopmentTeam = 5C758YKFY3;
						LastSwiftMigration = 0800;
						ProvisioningStyle = Automatic;
						SystemCapabilities = {
							com.apple.Sandbox = {
								enabled = 1;
							};
						};
					};
					A9B196E21CB636D50085CFB9 = {
						CreatedOnToolsVersion = 7.3;
						LastSwiftMigration = 0800;
						TestTargetID = A9B196CE1CB636D40085CFB9;
					};
				};
			};
			buildConfigurationList = A9B196CA1CB636D40085CFB9 /* Build configuration list for PBXProject "HeartExtractor" */;
			compatibilityVersion = "Xcode 3.2";
			developmentRegion = English;
			hasScannedForEncodings = 0;
			knownRegions = (
				en,
				Base,
				ko,
			);
			mainGroup = A9B196C61CB636D40085CFB9;
			productRefGroup = A9B196D01CB636D40085CFB9 /* Products */;
			projectDirPath = "";
			projectRoot = "";
			targets = (
				A9B196CE1CB636D40085CFB9 /* HeartExtractor */,
				A9B196E21CB636D50085CFB9 /* HeartExtractorTests */,
			);
		};
/* End PBXProject section */

/* Begin PBXResourcesBuildPhase section */
		A9B196CD1CB636D40085CFB9 /* Resources */ = {
			isa = PBXResourcesBuildPhase;
			buildActionMask = 2147483647;
			files = (
				A9B196DA1CB636D50085CFB9 /* Assets.xcassets in Resources */,
				A9B196DD1CB636D50085CFB9 /* Main.storyboard in Resources */,
				A92654FA1D639CE9000F6600 /* Localizable.strings in Resources */,
			);
			runOnlyForDeploymentPostprocessing = 0;
		};
		A9B196E11CB636D50085CFB9 /* Resources */ = {
			isa = PBXResourcesBuildPhase;
			buildActionMask = 2147483647;
			files = (
			);
			runOnlyForDeploymentPostprocessing = 0;
		};
/* End PBXResourcesBuildPhase section */

/* Begin PBXShellScriptBuildPhase section */
		A9C895871D65C13600080E26 /* ShellScript */ = {
			isa = PBXShellScriptBuildPhase;
			buildActionMask = 2147483647;
			files = (
			);
			inputPaths = (
				"$(SRCROOT)/Carthage/Build/Mac/CryptoSwift.framework",
				"$(SRCROOT)/Carthage/Build/Mac/PromiseKit.framework",
				"$(SRCROOT)/Carthage/Build/Mac/SwifterMac.framework",
			);
			outputPaths = (
			);
			runOnlyForDeploymentPostprocessing = 0;
			shellPath = /bin/sh;
			shellScript = "/usr/local/bin/carthage copy-frameworks";
		};
		A9CAB65F1CBA87EB0091CDE5 /* ShellScript */ = {
			isa = PBXShellScriptBuildPhase;
			buildActionMask = 8;
			files = (
			);
			inputPaths = (
			);
			outputPaths = (
			);
			runOnlyForDeploymentPostprocessing = 1;
			shellPath = /bin/sh;
			shellScript = "#!/bin/bash\nbuildNumber=$(/usr/libexec/PlistBuddy -c \"Print CFBundleVersion\" \"$INFOPLIST_FILE\")\nbuildNumber=$(($buildNumber + 1))\n/usr/libexec/PlistBuddy -c \"Set :CFBundleVersion $buildNumber\" \"$INFOPLIST_FILE\"";
		};
/* End PBXShellScriptBuildPhase section */

/* Begin PBXSourcesBuildPhase section */
		A9B196CB1CB636D40085CFB9 /* Sources */ = {
			isa = PBXSourcesBuildPhase;
			buildActionMask = 2147483647;
			files = (
				A9C8958B1D65E20800080E26 /* HEXClient.swift in Sources */,
				A9B196D51CB636D40085CFB9 /* ViewController.swift in Sources */,
				A9FFA21E1D68AD2A00BB8DC8 /* HEXClient.Download.swift in Sources */,
				A9C8958D1D65E3E000080E26 /* HEXClient.Auth.swift in Sources */,
				A9B196D81CB636D50085CFB9 /* HeartExtractor.xcdatamodeld in Sources */,
				A9FFA21C1D68A05B00BB8DC8 /* HEXClient.Fetch.swift in Sources */,
				A9C895911D66249E00080E26 /* HEXClient.History.swift in Sources */,
				A9B196D31CB636D40085CFB9 /* AppDelegate.swift in Sources */,
				A94721F41CBA5C2E00B73CF0 /* HistoryEntity.swift in Sources */,
				A9C8958F1D65E89700080E26 /* HEXClient.Encryption.swift in Sources */,
			);
			runOnlyForDeploymentPostprocessing = 0;
		};
		A9B196DF1CB636D50085CFB9 /* Sources */ = {
			isa = PBXSourcesBuildPhase;
			buildActionMask = 2147483647;
			files = (
				A9B196E81CB636D50085CFB9 /* HeartExtractorTests.swift in Sources */,
			);
			runOnlyForDeploymentPostprocessing = 0;
		};
/* End PBXSourcesBuildPhase section */

/* Begin PBXTargetDependency section */
		A9B196E51CB636D50085CFB9 /* PBXTargetDependency */ = {
			isa = PBXTargetDependency;
			target = A9B196CE1CB636D40085CFB9 /* HeartExtractor */;
			targetProxy = A9B196E41CB636D50085CFB9 /* PBXContainerItemProxy */;
		};
/* End PBXTargetDependency section */

/* Begin PBXVariantGroup section */
		A92654FC1D639CE9000F6600 /* Localizable.strings */ = {
			isa = PBXVariantGroup;
			children = (
				A92654FB1D639CE9000F6600 /* Base */,
				A92654FD1D639CEC000F6600 /* ko */,
			);
			name = Localizable.strings;
			sourceTree = "<group>";
		};
		A9B196DB1CB636D50085CFB9 /* Main.storyboard */ = {
			isa = PBXVariantGroup;
			children = (
				A9B196DC1CB636D50085CFB9 /* Base */,
				A9CAB65E1CBA84DC0091CDE5 /* ko */,
			);
			name = Main.storyboard;
			sourceTree = "<group>";
		};
/* End PBXVariantGroup section */

/* Begin XCBuildConfiguration section */
		A9B196F51CB636D50085CFB9 /* Debug */ = {
			isa = XCBuildConfiguration;
			buildSettings = {
				ALWAYS_SEARCH_USER_PATHS = NO;
				CLANG_ANALYZER_LOCALIZABILITY_NONLOCALIZED = YES;
				CLANG_ANALYZER_NONNULL = YES;
				CLANG_CXX_LANGUAGE_STANDARD = "gnu++0x";
				CLANG_CXX_LIBRARY = "libc++";
				CLANG_ENABLE_MODULES = YES;
				CLANG_ENABLE_OBJC_ARC = YES;
				CLANG_WARN_BOOL_CONVERSION = YES;
				CLANG_WARN_CONSTANT_CONVERSION = YES;
				CLANG_WARN_DIRECT_OBJC_ISA_USAGE = YES_ERROR;
				CLANG_WARN_EMPTY_BODY = YES;
				CLANG_WARN_ENUM_CONVERSION = YES;
				CLANG_WARN_INFINITE_RECURSION = YES;
				CLANG_WARN_INT_CONVERSION = YES;
				CLANG_WARN_OBJC_ROOT_CLASS = YES_ERROR;
				CLANG_WARN_SUSPICIOUS_MOVE = YES;
				CLANG_WARN_UNREACHABLE_CODE = YES;
				CLANG_WARN__DUPLICATE_METHOD_MATCH = YES;
				CODE_SIGN_IDENTITY = "-";
				COPY_PHASE_STRIP = NO;
				DEBUG_INFORMATION_FORMAT = dwarf;
				ENABLE_STRICT_OBJC_MSGSEND = YES;
				ENABLE_TESTABILITY = YES;
				GCC_C_LANGUAGE_STANDARD = gnu99;
				GCC_DYNAMIC_NO_PIC = NO;
				GCC_NO_COMMON_BLOCKS = YES;
				GCC_OPTIMIZATION_LEVEL = 0;
				GCC_PREPROCESSOR_DEFINITIONS = (
					"DEBUG=1",
					"$(inherited)",
				);
				GCC_WARN_64_TO_32_BIT_CONVERSION = YES;
				GCC_WARN_ABOUT_RETURN_TYPE = YES_ERROR;
				GCC_WARN_UNDECLARED_SELECTOR = YES;
				GCC_WARN_UNINITIALIZED_AUTOS = YES_AGGRESSIVE;
				GCC_WARN_UNUSED_FUNCTION = YES;
				GCC_WARN_UNUSED_VARIABLE = YES;
				MACOSX_DEPLOYMENT_TARGET = 10.11;
				MTL_ENABLE_DEBUG_INFO = YES;
				ONLY_ACTIVE_ARCH = YES;
				SDKROOT = macosx;
				SWIFT_OPTIMIZATION_LEVEL = "-Onone";
			};
			name = Debug;
		};
		A9B196F61CB636D50085CFB9 /* Release */ = {
			isa = XCBuildConfiguration;
			buildSettings = {
				ALWAYS_SEARCH_USER_PATHS = NO;
				CLANG_ANALYZER_LOCALIZABILITY_NONLOCALIZED = YES;
				CLANG_ANALYZER_NONNULL = YES;
				CLANG_CXX_LANGUAGE_STANDARD = "gnu++0x";
				CLANG_CXX_LIBRARY = "libc++";
				CLANG_ENABLE_MODULES = YES;
				CLANG_ENABLE_OBJC_ARC = YES;
				CLANG_WARN_BOOL_CONVERSION = YES;
				CLANG_WARN_CONSTANT_CONVERSION = YES;
				CLANG_WARN_DIRECT_OBJC_ISA_USAGE = YES_ERROR;
				CLANG_WARN_EMPTY_BODY = YES;
				CLANG_WARN_ENUM_CONVERSION = YES;
				CLANG_WARN_INFINITE_RECURSION = YES;
				CLANG_WARN_INT_CONVERSION = YES;
				CLANG_WARN_OBJC_ROOT_CLASS = YES_ERROR;
				CLANG_WARN_SUSPICIOUS_MOVE = YES;
				CLANG_WARN_UNREACHABLE_CODE = YES;
				CLANG_WARN__DUPLICATE_METHOD_MATCH = YES;
				CODE_SIGN_IDENTITY = "-";
				COPY_PHASE_STRIP = NO;
				DEBUG_INFORMATION_FORMAT = "dwarf-with-dsym";
				ENABLE_NS_ASSERTIONS = NO;
				ENABLE_STRICT_OBJC_MSGSEND = YES;
				GCC_C_LANGUAGE_STANDARD = gnu99;
				GCC_NO_COMMON_BLOCKS = YES;
				GCC_WARN_64_TO_32_BIT_CONVERSION = YES;
				GCC_WARN_ABOUT_RETURN_TYPE = YES_ERROR;
				GCC_WARN_UNDECLARED_SELECTOR = YES;
				GCC_WARN_UNINITIALIZED_AUTOS = YES_AGGRESSIVE;
				GCC_WARN_UNUSED_FUNCTION = YES;
				GCC_WARN_UNUSED_VARIABLE = YES;
				MACOSX_DEPLOYMENT_TARGET = 10.11;
				MTL_ENABLE_DEBUG_INFO = NO;
				SDKROOT = macosx;
				SWIFT_OPTIMIZATION_LEVEL = "-Owholemodule";
			};
			name = Release;
		};
		A9B196F81CB636D50085CFB9 /* Debug */ = {
			isa = XCBuildConfiguration;
			buildSettings = {
				ASSETCATALOG_COMPILER_APPICON_NAME = AppIcon;
				CODE_SIGN_ENTITLEMENTS = HeartExtractor/HeartExtractor.entitlements;
				CODE_SIGN_IDENTITY = "Mac Developer";
				COMBINE_HIDPI_IMAGES = YES;
				DEVELOPMENT_TEAM = 5C758YKFY3;
				FRAMEWORK_SEARCH_PATHS = (
					"$(inherited)",
					"$(PROJECT_DIR)",
					"$(PROJECT_DIR)/HeartExtractor",
					"$(PROJECT_DIR)/Carthage/Build/Mac",
				);
				INFOPLIST_FILE = HeartExtractor/Info.plist;
				LD_RUNPATH_SEARCH_PATHS = "$(inherited) @executable_path/../Frameworks";
				PRODUCT_BUNDLE_IDENTIFIER = com.niceb5y.HeartExtractor;
				PRODUCT_NAME = "$(TARGET_NAME)";
				SWIFT_VERSION = 3.0;
			};
			name = Debug;
		};
		A9B196F91CB636D50085CFB9 /* Release */ = {
			isa = XCBuildConfiguration;
			buildSettings = {
				ASSETCATALOG_COMPILER_APPICON_NAME = AppIcon;
				CODE_SIGN_ENTITLEMENTS = HeartExtractor/HeartExtractor.entitlements;
				CODE_SIGN_IDENTITY = "Mac Developer";
				COMBINE_HIDPI_IMAGES = YES;
				DEVELOPMENT_TEAM = 5C758YKFY3;
				FRAMEWORK_SEARCH_PATHS = (
					"$(inherited)",
					"$(PROJECT_DIR)",
					"$(PROJECT_DIR)/HeartExtractor",
					"$(PROJECT_DIR)/Carthage/Build/Mac",
				);
				INFOPLIST_FILE = HeartExtractor/Info.plist;
				LD_RUNPATH_SEARCH_PATHS = "$(inherited) @executable_path/../Frameworks";
				PRODUCT_BUNDLE_IDENTIFIER = com.niceb5y.HeartExtractor;
				PRODUCT_NAME = "$(TARGET_NAME)";
				SWIFT_VERSION = 3.0;
			};
			name = Release;
		};
		A9B196FB1CB636D50085CFB9 /* Debug */ = {
			isa = XCBuildConfiguration;
			buildSettings = {
				BUNDLE_LOADER = "$(TEST_HOST)";
				COMBINE_HIDPI_IMAGES = YES;
				INFOPLIST_FILE = HeartExtractorTests/Info.plist;
				LD_RUNPATH_SEARCH_PATHS = "$(inherited) @executable_path/../Frameworks @loader_path/../Frameworks";
				PRODUCT_BUNDLE_IDENTIFIER = com.niceb5y.HeartExtractorTests;
				PRODUCT_NAME = "$(TARGET_NAME)";
				SWIFT_VERSION = 3.0;
				TEST_HOST = "$(BUILT_PRODUCTS_DIR)/HeartExtractor.app/Contents/MacOS/HeartExtractor";
			};
			name = Debug;
		};
		A9B196FC1CB636D50085CFB9 /* Release */ = {
			isa = XCBuildConfiguration;
			buildSettings = {
				BUNDLE_LOADER = "$(TEST_HOST)";
				COMBINE_HIDPI_IMAGES = YES;
				INFOPLIST_FILE = HeartExtractorTests/Info.plist;
				LD_RUNPATH_SEARCH_PATHS = "$(inherited) @executable_path/../Frameworks @loader_path/../Frameworks";
				PRODUCT_BUNDLE_IDENTIFIER = com.niceb5y.HeartExtractorTests;
				PRODUCT_NAME = "$(TARGET_NAME)";
				SWIFT_VERSION = 3.0;
				TEST_HOST = "$(BUILT_PRODUCTS_DIR)/HeartExtractor.app/Contents/MacOS/HeartExtractor";
			};
			name = Release;
		};
/* End XCBuildConfiguration section */

/* Begin XCConfigurationList section */
		A9B196CA1CB636D40085CFB9 /* Build configuration list for PBXProject "HeartExtractor" */ = {
			isa = XCConfigurationList;
			buildConfigurations = (
				A9B196F51CB636D50085CFB9 /* Debug */,
				A9B196F61CB636D50085CFB9 /* Release */,
			);
			defaultConfigurationIsVisible = 0;
			defaultConfigurationName = Release;
		};
		A9B196F71CB636D50085CFB9 /* Build configuration list for PBXNativeTarget "HeartExtractor" */ = {
			isa = XCConfigurationList;
			buildConfigurations = (
				A9B196F81CB636D50085CFB9 /* Debug */,
				A9B196F91CB636D50085CFB9 /* Release */,
			);
			defaultConfigurationIsVisible = 0;
			defaultConfigurationName = Release;
		};
		A9B196FA1CB636D50085CFB9 /* Build configuration list for PBXNativeTarget "HeartExtractorTests" */ = {
			isa = XCConfigurationList;
			buildConfigurations = (
				A9B196FB1CB636D50085CFB9 /* Debug */,
				A9B196FC1CB636D50085CFB9 /* Release */,
			);
			defaultConfigurationIsVisible = 0;
			defaultConfigurationName = Release;
		};
/* End XCConfigurationList section */

/* Begin XCVersionGroup section */
		A9B196D61CB636D40085CFB9 /* HeartExtractor.xcdatamodeld */ = {
			isa = XCVersionGroup;
			children = (
				A9B196D71CB636D40085CFB9 /* HeartExtractor.xcdatamodel */,
			);
			currentVersion = A9B196D71CB636D40085CFB9 /* HeartExtractor.xcdatamodel */;
			path = HeartExtractor.xcdatamodeld;
			sourceTree = "<group>";
			versionGroupType = wrapper.xcdatamodel;
		};
/* End XCVersionGroup section */
	};
	rootObject = A9B196C71CB636D40085CFB9 /* Project object */;
}
